
Microsoft Visual Studio Solution File, Format Version 12.00
# Visual Studio 15
VisualStudioVersion = 15.0.28010.2016
MinimumVisualStudioVersion = 10.0.40219.1
Project("{FAE04EC0-301F-11D3-BF4B-00C04F79EFBC}") = "Triangle", "Triangle\Triangle.csproj", "{F7907A0A-B75F-400B-9E78-BFAD00DB4D6B}"
EndProject
Global
	GlobalSection(SolutionConfigurationPlatforms) = preSolution
		Debug|x64 = Debug|x64
		Debug|x86 = Debug|x86
	EndGlobalSection
	GlobalSection(ProjectConfigurationPlatforms) = postSolution
		{F7907A0A-B75F-400B-9E78-BFAD00DB4D6B}.Debug|x64.ActiveCfg = Debug|x64
		{F7907A0A-B75F-400B-9E78-BFAD00DB4D6B}.Debug|x64.Build.0 = Debug|x64
		{F7907A0A-B75F-400B-9E78-BFAD00DB4D6B}.Debug|x86.ActiveCfg = Debug|x86
		{F7907A0A-B75F-400B-9E78-BFAD00DB4D6B}.Debug|x86.Build.0 = Debug|x86
	EndGlobalSection
	GlobalSection(SolutionProperties) = preSolution
		HideSolutionNode = FALSE
	EndGlobalSection
	GlobalSection(ExtensibilityGlobals) = postSolution
		SolutionGuid = {D23206E9-17CE-4BE4-85E0-590086A76F10}
	EndGlobalSection
EndGlobal
